// !$*UTF8*$!
{
	archiveVersion = 1;
	classes = {
	};
	objectVersion = 46;
	objects = {

/* Begin PBXBuildFile section */
		459B84F21DD3B6010038B6DB /* AppDelegate.swift in Sources */ = {isa = PBXBuildFile; fileRef = 459B84F11DD3B6010038B6DB /* AppDelegate.swift */; };
		459B84F41DD3B6010038B6DB /* ViewController.swift in Sources */ = {isa = PBXBuildFile; fileRef = 459B84F31DD3B6010038B6DB /* ViewController.swift */; };
		459B84F71DD3B6010038B6DB /* Main.storyboard in Resources */ = {isa = PBXBuildFile; fileRef = 459B84F51DD3B6010038B6DB /* Main.storyboard */; };
		459B84F91DD3B6010038B6DB /* Assets.xcassets in Resources */ = {isa = PBXBuildFile; fileRef = 459B84F81DD3B6010038B6DB /* Assets.xcassets */; };
		459B84FC1DD3B6010038B6DB /* LaunchScreen.storyboard in Resources */ = {isa = PBXBuildFile; fileRef = 459B84FA1DD3B6010038B6DB /* LaunchScreen.storyboard */; };
		459B85051DD3B62E0038B6DB /* Line.swift in Sources */ = {isa = PBXBuildFile; fileRef = 459B85041DD3B62E0038B6DB /* Line.swift */; };
		459B85071DD3B6AF0038B6DB /* DrawView.swift in Sources */ = {isa = PBXBuildFile; fileRef = 459B85061DD3B6AF0038B6DB /* DrawView.swift */; };
		459B85091DD3D4C90038B6DB /* Circle.swift in Sources */ = {isa = PBXBuildFile; fileRef = 459B85081DD3D4C90038B6DB /* Circle.swift */; };
/* End PBXBuildFile section */

/* Begin PBXFileReference section */
		459B84EE1DD3B6010038B6DB /* TouchTracker.app */ = {isa = PBXFileReference; explicitFileType = wrapper.application; includeInIndex = 0; path = TouchTracker.app; sourceTree = BUILT_PRODUCTS_DIR; };
		459B84F11DD3B6010038B6DB /* AppDelegate.swift */ = {isa = PBXFileReference; lastKnownFileType = sourcecode.swift; path = AppDelegate.swift; sourceTree = "<group>"; };
		459B84F31DD3B6010038B6DB /* ViewController.swift */ = {isa = PBXFileReference; lastKnownFileType = sourcecode.swift; path = ViewController.swift; sourceTree = "<group>"; };
		459B84F61DD3B6010038B6DB /* Base */ = {isa = PBXFileReference; lastKnownFileType = file.storyboard; name = Base; path = Base.lproj/Main.storyboard; sourceTree = "<group>"; };
		459B84F81DD3B6010038B6DB /* Assets.xcassets */ = {isa = PBXFileReference; lastKnownFileType = folder.assetcatalog; path = Assets.xcassets; sourceTree = "<group>"; };
		459B84FB1DD3B6010038B6DB /* Base */ = {isa = PBXFileReference; lastKnownFileType = file.storyboard; name = Base; path = Base.lproj/LaunchScreen.storyboard; sourceTree = "<group>"; };
		459B84FD1DD3B6010038B6DB /* Info.plist */ = {isa = PBXFileReference; lastKnownFileType = text.plist.xml; path = Info.plist; sourceTree = "<group>"; };
		459B85041DD3B62E0038B6DB /* Line.swift */ = {isa = PBXFileReference; fileEncoding = 4; lastKnownFileType = sourcecode.swift; path = Line.swift; sourceTree = "<group>"; };
		459B85061DD3B6AF0038B6DB /* DrawView.swift */ = {isa = PBXFileReference; fileEncoding = 4; lastKnownFileType = sourcecode.swift; path = DrawView.swift; sourceTree = "<group>"; };
		459B85081DD3D4C90038B6DB /* Circle.swift */ = {isa = PBXFileReference; fileEncoding = 4; lastKnownFileType = sourcecode.swift; path = Circle.swift; sourceTree = "<group>"; };
/* End PBXFileReference section */

/* Begin PBXFrameworksBuildPhase section */
		459B84EB1DD3B6010038B6DB /* Frameworks */ = {
			isa = PBXFrameworksBuildPhase;
			buildActionMask = 2147483647;
			files = (
			);
			runOnlyForDeploymentPostprocessing = 0;
		};
/* End PBXFrameworksBuildPhase section */

/* Begin PBXGroup section */
		459B84E51DD3B6010038B6DB = {
			isa = PBXGroup;
			children = (
				459B84F01DD3B6010038B6DB /* TouchTracker */,
				459B84EF1DD3B6010038B6DB /* Products */,
			);
			sourceTree = "<group>";
		};
		459B84EF1DD3B6010038B6DB /* Products */ = {
			isa = PBXGroup;
			children = (
				459B84EE1DD3B6010038B6DB /* TouchTracker.app */,
			);
			name = Products;
			sourceTree = "<group>";
		};
		459B84F01DD3B6010038B6DB /* TouchTracker */ = {
			isa = PBXGroup;
			children = (
				459B85031DD3B6110038B6DB /* Autogen */,
				45FF18F41DD77CBE002AC96A /* Model */,
				45FF18F61DD77CD0002AC96A /* Views */,
				45FF18F51DD77CC6002AC96A /* Controllers */,
				459B84F81DD3B6010038B6DB /* Assets.xcassets */,
			);
			path = TouchTracker;
			sourceTree = "<group>";
		};
		459B85031DD3B6110038B6DB /* Autogen */ = {
			isa = PBXGroup;
			children = (
				459B84F11DD3B6010038B6DB /* AppDelegate.swift */,
				459B84FA1DD3B6010038B6DB /* LaunchScreen.storyboard */,
				459B84FD1DD3B6010038B6DB /* Info.plist */,
			);
			name = Autogen;
			sourceTree = "<group>";
		};
		45FF18F41DD77CBE002AC96A /* Model */ = {
			isa = PBXGroup;
			children = (
				459B85041DD3B62E0038B6DB /* Line.swift */,
				459B85081DD3D4C90038B6DB /* Circle.swift */,
			);
			name = Model;
			sourceTree = "<group>";
		};
		45FF18F51DD77CC6002AC96A /* Controllers */ = {
			isa = PBXGroup;
			children = (
				459B84F31DD3B6010038B6DB /* ViewController.swift */,
			);
			name = Controllers;
			sourceTree = "<group>";
		};
		45FF18F61DD77CD0002AC96A /* Views */ = {
			isa = PBXGroup;
			children = (
				459B84F51DD3B6010038B6DB /* Main.storyboard */,
				459B85061DD3B6AF0038B6DB /* DrawView.swift */,
			);
			name = Views;
			sourceTree = "<group>";
		};
/* End PBXGroup section */

/* Begin PBXNativeTarget section */
		459B84ED1DD3B6010038B6DB /* TouchTracker */ = {
			isa = PBXNativeTarget;
			buildConfigurationList = 459B85001DD3B6010038B6DB /* Build configuration list for PBXNativeTarget "TouchTracker" */;
			buildPhases = (
				459B84EA1DD3B6010038B6DB /* Sources */,
				459B84EB1DD3B6010038B6DB /* Frameworks */,
				459B84EC1DD3B6010038B6DB /* Resources */,
			);
			buildRules = (
			);
			dependencies = (
			);
			name = TouchTracker;
			productName = TouchTracker;
			productReference = 459B84EE1DD3B6010038B6DB /* TouchTracker.app */;
			productType = "com.apple.product-type.application";
		};
/* End PBXNativeTarget section */

/* Begin PBXProject section */
		459B84E61DD3B6010038B6DB /* Project object */ = {
			isa = PBXProject;
			attributes = {
				LastSwiftUpdateCheck = 0810;
				LastUpgradeCheck = 0810;
				ORGANIZATIONNAME = "James Birchall";
				TargetAttributes = {
					459B84ED1DD3B6010038B6DB = {
						CreatedOnToolsVersion = 8.1;
						DevelopmentTeam = XJTJGEN6DH;
						ProvisioningStyle = Automatic;
					};
				};
			};
			buildConfigurationList = 459B84E91DD3B6010038B6DB /* Build configuration list for PBXProject "TouchTracker" */;
			compatibilityVersion = "Xcode 3.2";
			developmentRegion = English;
			hasScannedForEncodings = 0;
			knownRegions = (
				en,
				Base,
			);
			mainGroup = 459B84E51DD3B6010038B6DB;
			productRefGroup = 459B84EF1DD3B6010038B6DB /* Products */;
			projectDirPath = "";
			projectRoot = "";
			targets = (
				459B84ED1DD3B6010038B6DB /* TouchTracker */,
			);
		};
/* End PBXProject section */

/* Begin PBXResourcesBuildPhase section */
		459B84EC1DD3B6010038B6DB /* Resources */ = {
			isa = PBXResourcesBuildPhase;
			buildActionMask = 2147483647;
			files = (
				459B84FC1DD3B6010038B6DB /* LaunchScreen.storyboard in Resources */,
				459B84F91DD3B6010038B6DB /* Assets.xcassets in Resources */,
				459B84F71DD3B6010038B6DB /* Main.storyboard in Resources */,
			);
			runOnlyForDeploymentPostprocessing = 0;
		};
/* End PBXResourcesBuildPhase section */

/* Begin PBXSourcesBuildPhase section */
		459B84EA1DD3B6010038B6DB /* Sources */ = {
			isa = PBXSourcesBuildPhase;
			buildActionMask = 2147483647;
			files = (
				459B85091DD3D4C90038B6DB /* Circle.swift in Sources */,
				459B85051DD3B62E0038B6DB /* Line.swift in Sources */,
				459B84F41DD3B6010038B6DB /* ViewController.swift in Sources */,
				459B85071DD3B6AF0038B6DB /* DrawView.swift in Sources */,
				459B84F21DD3B6010038B6DB /* AppDelegate.swift in Sources */,
			);
			runOnlyForDeploymentPostprocessing = 0;
		};
/* End PBXSourcesBuildPhase section */

/* Begin PBXVariantGroup section */
		459B84F51DD3B6010038B6DB /* Main.storyboard */ = {
			isa = PBXVariantGroup;
			children = (
				459B84F61DD3B6010038B6DB /* Base */,
			);
			name = Main.storyboard;
			sourceTree = "<group>";
		};
		459B84FA1DD3B6010038B6DB /* LaunchScreen.storyboard */ = {
			isa = PBXVariantGroup;
			children = (
				459B84FB1DD3B6010038B6DB /* Base */,
			);
			name = LaunchScreen.storyboard;
			sourceTree = "<group>";
		};
/* End PBXVariantGroup section */

/* Begin XCBuildConfiguration section */
		459B84FE1DD3B6010038B6DB /* Debug */ = {
			isa = XCBuildConfiguration;
			buildSettings = {
				ALWAYS_SEARCH_USER_PATHS = NO;
				CLANG_ANALYZER_NONNULL = YES;
				CLANG_CXX_LANGUAGE_STANDARD = "gnu++0x";
				CLANG_CXX_LIBRARY = "libc++";
				CLANG_ENABLE_MODULES = YES;
				CLANG_ENABLE_OBJC_ARC = YES;
				CLANG_WARN_BOOL_CONVERSION = YES;
				CLANG_WARN_CONSTANT_CONVERSION = YES;
				CLANG_WARN_DIRECT_OBJC_ISA_USAGE = YES_ERROR;
				CLANG_WARN_DOCUMENTATION_COMMENTS = YES;
				CLANG_WARN_EMPTY_BODY = YES;
				CLANG_WARN_ENUM_CONVERSION = YES;
				CLANG_WARN_INFINITE_RECURSION = YES;
				CLANG_WARN_INT_CONVERSION = YES;
				CLANG_WARN_OBJC_ROOT_CLASS = YES_ERROR;
				CLANG_WARN_SUSPICIOUS_MOVES = YES;
				CLANG_WARN_UNREACHABLE_CODE = YES;
				CLANG_WARN__DUPLICATE_METHOD_MATCH = YES;
				"CODE_SIGN_IDENTITY[sdk=iphoneos*]" = "iPhone Developer";
				COPY_PHASE_STRIP = NO;
				DEBUG_INFORMATION_FORMAT = dwarf;
				ENABLE_STRICT_OBJC_MSGSEND = YES;
				ENABLE_TESTABILITY = YES;
				GCC_C_LANGUAGE_STANDARD = gnu99;
				GCC_DYNAMIC_NO_PIC = NO;
				GCC_NO_COMMON_BLOCKS = YES;
				GCC_OPTIMIZATION_LEVEL = 0;
				GCC_PREPROCESSOR_DEFINITIONS = (
					"DEBUG=1",
					"$(inherited)",
				);
				GCC_WARN_64_TO_32_BIT_CONVERSION = YES;
				GCC_WARN_ABOUT_RETURN_TYPE = YES_ERROR;
				GCC_WARN_UNDECLARED_SELECTOR = YES;
				GCC_WARN_UNINITIALIZED_AUTOS = YES_AGGRESSIVE;
				GCC_WARN_UNUSED_FUNCTION = YES;
				GCC_WARN_UNUSED_VARIABLE = YES;
				IPHONEOS_DEPLOYMENT_TARGET = 10.1;
				MTL_ENABLE_DEBUG_INFO = YES;
				ONLY_ACTIVE_ARCH = YES;
				SDKROOT = iphoneos;
				SWIFT_ACTIVE_COMPILATION_CONDITIONS = DEBUG;
				SWIFT_OPTIMIZATION_LEVEL = "-Onone";
				TARGETED_DEVICE_FAMILY = "1,2";
			};
			name = Debug;
		};
		459B84FF1DD3B6010038B6DB /* Release */ = {
			isa = XCBuildConfiguration;
			buildSettings = {
				ALWAYS_SEARCH_USER_PATHS = NO;
				CLANG_ANALYZER_NONNULL = YES;
				CLANG_CXX_LANGUAGE_STANDARD = "gnu++0x";
				CLANG_CXX_LIBRARY = "libc++";
				CLANG_ENABLE_MODULES = YES;
				CLANG_ENABLE_OBJC_ARC = YES;
				CLANG_WARN_BOOL_CONVERSION = YES;
				CLANG_WARN_CONSTANT_CONVERSION = YES;
				CLANG_WARN_DIRECT_OBJC_ISA_USAGE = YES_ERROR;
				CLANG_WARN_DOCUMENTATION_COMMENTS = YES;
				CLANG_WARN_EMPTY_BODY = YES;
				CLANG_WARN_ENUM_CONVERSION = YES;
				CLANG_WARN_INFINITE_RECURSION = YES;
				CLANG_WARN_INT_CONVERSION = YES;
				CLANG_WARN_OBJC_ROOT_CLASS = YES_ERROR;
				CLANG_WARN_SUSPICIOUS_MOVES = YES;
				CLANG_WARN_UNREACHABLE_CODE = YES;
				CLANG_WARN__DUPLICATE_METHOD_MATCH = YES;
				"CODE_SIGN_IDENTITY[sdk=iphoneos*]" = "iPhone Developer";
				COPY_PHASE_STRIP = NO;
				DEBUG_INFORMATION_FORMAT = "dwarf-with-dsym";
				ENABLE_NS_ASSERTIONS = NO;
				ENABLE_STRICT_OBJC_MSGSEND = YES;
				GCC_C_LANGUAGE_STANDARD = gnu99;
				GCC_NO_COMMON_BLOCKS = YES;
				GCC_WARN_64_TO_32_BIT_CONVERSION = YES;
				GCC_WARN_ABOUT_RETURN_TYPE = YES_ERROR;
				GCC_WARN_UNDECLARED_SELECTOR = YES;
				GCC_WARN_UNINITIALIZED_AUTOS = YES_AGGRESSIVE;
				GCC_WARN_UNUSED_FUNCTION = YES;
				GCC_WARN_UNUSED_VARIABLE = YES;
				IPHONEOS_DEPLOYMENT_TARGET = 10.1;
				MTL_ENABLE_DEBUG_INFO = NO;
				SDKROOT = iphoneos;
				SWIFT_OPTIMIZATION_LEVEL = "-Owholemodule";
				TARGETED_DEVICE_FAMILY = "1,2";
				VALIDATE_PRODUCT = YES;
			};
			name = Release;
		};
		459B85011DD3B6010038B6DB /* Debug */ = {
			isa = XCBuildConfiguration;
			buildSettings = {
				ASSETCATALOG_COMPILER_APPICON_NAME = AppIcon;
				DEVELOPMENT_TEAM = XJTJGEN6DH;
				INFOPLIST_FILE = TouchTracker/Info.plist;
				IPHONEOS_DEPLOYMENT_TARGET = 10.0;
				LD_RUNPATH_SEARCH_PATHS = "$(inherited) @executable_path/Frameworks";
				PRODUCT_BUNDLE_IDENTIFIER = com.birchall.bnrios.TouchTracker;
				PRODUCT_NAME = "$(TARGET_NAME)";
				SWIFT_VERSION = 3.0;
			};
			name = Debug;
		};
		459B85021DD3B6010038B6DB /* Release */ = {
			isa = XCBuildConfiguration;
			buildSettings = {
				ASSETCATALOG_COMPILER_APPICON_NAME = AppIcon;
				DEVELOPMENT_TEAM = XJTJGEN6DH;
				INFOPLIST_FILE = TouchTracker/Info.plist;
				IPHONEOS_DEPLOYMENT_TARGET = 10.0;
				LD_RUNPATH_SEARCH_PATHS = "$(inherited) @executable_path/Frameworks";
				PRODUCT_BUNDLE_IDENTIFIER = com.birchall.bnrios.TouchTracker;
				PRODUCT_NAME = "$(TARGET_NAME)";
				SWIFT_VERSION = 3.0;
			};
			name = Release;
		};
/* End XCBuildConfiguration section */

/* Begin XCConfigurationList section */
		459B84E91DD3B6010038B6DB /* Build configuration list for PBXProject "TouchTracker" */ = {
			isa = XCConfigurationList;
			buildConfigurations = (
				459B84FE1DD3B6010038B6DB /* Debug */,
				459B84FF1DD3B6010038B6DB /* Release */,
			);
			defaultConfigurationIsVisible = 0;
			defaultConfigurationName = Release;
		};
		459B85001DD3B6010038B6DB /* Build configuration list for PBXNativeTarget "TouchTracker" */ = {
			isa = XCConfigurationList;
			buildConfigurations = (
				459B85011DD3B6010038B6DB /* Debug */,
				459B85021DD3B6010038B6DB /* Release */,
			);
			defaultConfigurationIsVisible = 0;
			defaultConfigurationName = Release;
		};
/* End XCConfigurationList section */
	};
	rootObject = 459B84E61DD3B6010038B6DB /* Project object */;
}
