// !$*UTF8*$!
{
	archiveVersion = 1;
	classes = {
	};
	objectVersion = 46;
	objects = {

/* Begin PBXBuildFile section */
		451250571DBF32C600F835EA /* LocationPins.swift in Sources */ = {isa = PBXBuildFile; fileRef = 451250561DBF32C600F835EA /* LocationPins.swift */; };
		455FC5911DAEB32D009EBEE5 /* ConversionViewController.swift in Sources */ = {isa = PBXBuildFile; fileRef = 455FC5901DAEB32D009EBEE5 /* ConversionViewController.swift */; };
		456E61341DAA900300FA0896 /* AppDelegate.swift in Sources */ = {isa = PBXBuildFile; fileRef = 456E61331DAA900300FA0896 /* AppDelegate.swift */; };
		456E61361DAA900300FA0896 /* ViewController.swift in Sources */ = {isa = PBXBuildFile; fileRef = 456E61351DAA900300FA0896 /* ViewController.swift */; };
		456E61391DAA900300FA0896 /* Main.storyboard in Resources */ = {isa = PBXBuildFile; fileRef = 456E61371DAA900300FA0896 /* Main.storyboard */; };
		456E613B1DAA900300FA0896 /* Assets.xcassets in Resources */ = {isa = PBXBuildFile; fileRef = 456E613A1DAA900300FA0896 /* Assets.xcassets */; };
		456E613E1DAA900300FA0896 /* LaunchScreen.storyboard in Resources */ = {isa = PBXBuildFile; fileRef = 456E613C1DAA900300FA0896 /* LaunchScreen.storyboard */; };
		45B118F01DB6A7E6002AA40B /* WebViewController.swift in Sources */ = {isa = PBXBuildFile; fileRef = 45B118EF1DB6A7E6002AA40B /* WebViewController.swift */; };
		45BB585F1DB3FA0B0066BBAE /* MapKit.framework in Frameworks */ = {isa = PBXBuildFile; fileRef = 45BB585E1DB3FA0B0066BBAE /* MapKit.framework */; };
		45BB58611DB40D120066BBAE /* MapViewController.swift in Sources */ = {isa = PBXBuildFile; fileRef = 45BB58601DB40D120066BBAE /* MapViewController.swift */; };
		45BB58631DB558DF0066BBAE /* Solar.swift in Sources */ = {isa = PBXBuildFile; fileRef = 45BB58621DB558DF0066BBAE /* Solar.swift */; };
/* End PBXBuildFile section */

/* Begin PBXFileReference section */
		451250561DBF32C600F835EA /* LocationPins.swift */ = {isa = PBXFileReference; fileEncoding = 4; lastKnownFileType = sourcecode.swift; path = LocationPins.swift; sourceTree = "<group>"; };
		455FC5901DAEB32D009EBEE5 /* ConversionViewController.swift */ = {isa = PBXFileReference; fileEncoding = 4; lastKnownFileType = sourcecode.swift; path = ConversionViewController.swift; sourceTree = "<group>"; };
		456E61301DAA900300FA0896 /* WorldTrotter.app */ = {isa = PBXFileReference; explicitFileType = wrapper.application; includeInIndex = 0; path = WorldTrotter.app; sourceTree = BUILT_PRODUCTS_DIR; };
		456E61331DAA900300FA0896 /* AppDelegate.swift */ = {isa = PBXFileReference; lastKnownFileType = sourcecode.swift; path = AppDelegate.swift; sourceTree = "<group>"; };
		456E61351DAA900300FA0896 /* ViewController.swift */ = {isa = PBXFileReference; lastKnownFileType = sourcecode.swift; path = ViewController.swift; sourceTree = "<group>"; };
		456E61381DAA900300FA0896 /* Base */ = {isa = PBXFileReference; lastKnownFileType = file.storyboard; name = Base; path = Base.lproj/Main.storyboard; sourceTree = "<group>"; };
		456E613A1DAA900300FA0896 /* Assets.xcassets */ = {isa = PBXFileReference; lastKnownFileType = folder.assetcatalog; path = Assets.xcassets; sourceTree = "<group>"; };
		456E613D1DAA900300FA0896 /* Base */ = {isa = PBXFileReference; lastKnownFileType = file.storyboard; name = Base; path = Base.lproj/LaunchScreen.storyboard; sourceTree = "<group>"; };
		456E613F1DAA900300FA0896 /* Info.plist */ = {isa = PBXFileReference; lastKnownFileType = text.plist.xml; path = Info.plist; sourceTree = "<group>"; };
		45B118EF1DB6A7E6002AA40B /* WebViewController.swift */ = {isa = PBXFileReference; fileEncoding = 4; lastKnownFileType = sourcecode.swift; path = WebViewController.swift; sourceTree = "<group>"; };
		45BB585E1DB3FA0B0066BBAE /* MapKit.framework */ = {isa = PBXFileReference; lastKnownFileType = wrapper.framework; name = MapKit.framework; path = System/Library/Frameworks/MapKit.framework; sourceTree = SDKROOT; };
		45BB58601DB40D120066BBAE /* MapViewController.swift */ = {isa = PBXFileReference; fileEncoding = 4; lastKnownFileType = sourcecode.swift; path = MapViewController.swift; sourceTree = "<group>"; };
		45BB58621DB558DF0066BBAE /* Solar.swift */ = {isa = PBXFileReference; fileEncoding = 4; lastKnownFileType = sourcecode.swift; path = Solar.swift; sourceTree = "<group>"; };
/* End PBXFileReference section */

/* Begin PBXFrameworksBuildPhase section */
		456E612D1DAA900300FA0896 /* Frameworks */ = {
			isa = PBXFrameworksBuildPhase;
			buildActionMask = 2147483647;
			files = (
				45BB585F1DB3FA0B0066BBAE /* MapKit.framework in Frameworks */,
			);
			runOnlyForDeploymentPostprocessing = 0;
		};
/* End PBXFrameworksBuildPhase section */

/* Begin PBXGroup section */
		456E61271DAA900300FA0896 = {
			isa = PBXGroup;
			children = (
				456E61321DAA900300FA0896 /* WorldTrotter */,
				456E61311DAA900300FA0896 /* Products */,
				45BB585D1DB3FA0B0066BBAE /* Frameworks */,
			);
			sourceTree = "<group>";
		};
		456E61311DAA900300FA0896 /* Products */ = {
			isa = PBXGroup;
			children = (
				456E61301DAA900300FA0896 /* WorldTrotter.app */,
			);
			name = Products;
			sourceTree = "<group>";
		};
		456E61321DAA900300FA0896 /* WorldTrotter */ = {
			isa = PBXGroup;
			children = (
				456E61331DAA900300FA0896 /* AppDelegate.swift */,
				456E61351DAA900300FA0896 /* ViewController.swift */,
				45BB58601DB40D120066BBAE /* MapViewController.swift */,
				451250561DBF32C600F835EA /* LocationPins.swift */,
				455FC5901DAEB32D009EBEE5 /* ConversionViewController.swift */,
				456E61371DAA900300FA0896 /* Main.storyboard */,
				45B118EF1DB6A7E6002AA40B /* WebViewController.swift */,
				45BB58621DB558DF0066BBAE /* Solar.swift */,
				456E613A1DAA900300FA0896 /* Assets.xcassets */,
				456E613C1DAA900300FA0896 /* LaunchScreen.storyboard */,
				456E613F1DAA900300FA0896 /* Info.plist */,
			);
			path = WorldTrotter;
			sourceTree = "<group>";
		};
		45BB585D1DB3FA0B0066BBAE /* Frameworks */ = {
			isa = PBXGroup;
			children = (
				45BB585E1DB3FA0B0066BBAE /* MapKit.framework */,
			);
			name = Frameworks;
			sourceTree = "<group>";
		};
/* End PBXGroup section */

/* Begin PBXNativeTarget section */
		456E612F1DAA900300FA0896 /* WorldTrotter */ = {
			isa = PBXNativeTarget;
			buildConfigurationList = 456E61421DAA900300FA0896 /* Build configuration list for PBXNativeTarget "WorldTrotter" */;
			buildPhases = (
				456E612C1DAA900300FA0896 /* Sources */,
				456E612D1DAA900300FA0896 /* Frameworks */,
				456E612E1DAA900300FA0896 /* Resources */,
			);
			buildRules = (
			);
			dependencies = (
			);
			name = WorldTrotter;
			productName = WorldTrotter;
			productReference = 456E61301DAA900300FA0896 /* WorldTrotter.app */;
			productType = "com.apple.product-type.application";
		};
/* End PBXNativeTarget section */

/* Begin PBXProject section */
		456E61281DAA900300FA0896 /* Project object */ = {
			isa = PBXProject;
			attributes = {
				LastSwiftUpdateCheck = 0800;
				LastUpgradeCheck = 0800;
				ORGANIZATIONNAME = "James Birchall";
				TargetAttributes = {
					456E612F1DAA900300FA0896 = {
						CreatedOnToolsVersion = 8.0;
						DevelopmentTeam = XJTJGEN6DH;
						ProvisioningStyle = Automatic;
					};
				};
			};
			buildConfigurationList = 456E612B1DAA900300FA0896 /* Build configuration list for PBXProject "WorldTrotter" */;
			compatibilityVersion = "Xcode 3.2";
			developmentRegion = English;
			hasScannedForEncodings = 0;
			knownRegions = (
				en,
				Base,
			);
			mainGroup = 456E61271DAA900300FA0896;
			productRefGroup = 456E61311DAA900300FA0896 /* Products */;
			projectDirPath = "";
			projectRoot = "";
			targets = (
				456E612F1DAA900300FA0896 /* WorldTrotter */,
			);
		};
/* End PBXProject section */

/* Begin PBXResourcesBuildPhase section */
		456E612E1DAA900300FA0896 /* Resources */ = {
			isa = PBXResourcesBuildPhase;
			buildActionMask = 2147483647;
			files = (
				456E613E1DAA900300FA0896 /* LaunchScreen.storyboard in Resources */,
				456E613B1DAA900300FA0896 /* Assets.xcassets in Resources */,
				456E61391DAA900300FA0896 /* Main.storyboard in Resources */,
			);
			runOnlyForDeploymentPostprocessing = 0;
		};
/* End PBXResourcesBuildPhase section */

/* Begin PBXSourcesBuildPhase section */
		456E612C1DAA900300FA0896 /* Sources */ = {
			isa = PBXSourcesBuildPhase;
			buildActionMask = 2147483647;
			files = (
				45BB58631DB558DF0066BBAE /* Solar.swift in Sources */,
				451250571DBF32C600F835EA /* LocationPins.swift in Sources */,
				45B118F01DB6A7E6002AA40B /* WebViewController.swift in Sources */,
				456E61361DAA900300FA0896 /* ViewController.swift in Sources */,
				455FC5911DAEB32D009EBEE5 /* ConversionViewController.swift in Sources */,
				456E61341DAA900300FA0896 /* AppDelegate.swift in Sources */,
				45BB58611DB40D120066BBAE /* MapViewController.swift in Sources */,
			);
			runOnlyForDeploymentPostprocessing = 0;
		};
/* End PBXSourcesBuildPhase section */

/* Begin PBXVariantGroup section */
		456E61371DAA900300FA0896 /* Main.storyboard */ = {
			isa = PBXVariantGroup;
			children = (
				456E61381DAA900300FA0896 /* Base */,
			);
			name = Main.storyboard;
			sourceTree = "<group>";
		};
		456E613C1DAA900300FA0896 /* LaunchScreen.storyboard */ = {
			isa = PBXVariantGroup;
			children = (
				456E613D1DAA900300FA0896 /* Base */,
			);
			name = LaunchScreen.storyboard;
			sourceTree = "<group>";
		};
/* End PBXVariantGroup section */

/* Begin XCBuildConfiguration section */
		456E61401DAA900300FA0896 /* Debug */ = {
			isa = XCBuildConfiguration;
			buildSettings = {
				ALWAYS_SEARCH_USER_PATHS = NO;
				CLANG_ANALYZER_NONNULL = YES;
				CLANG_CXX_LANGUAGE_STANDARD = "gnu++0x";
				CLANG_CXX_LIBRARY = "libc++";
				CLANG_ENABLE_MODULES = YES;
				CLANG_ENABLE_OBJC_ARC = YES;
				CLANG_WARN_BOOL_CONVERSION = YES;
				CLANG_WARN_CONSTANT_CONVERSION = YES;
				CLANG_WARN_DIRECT_OBJC_ISA_USAGE = YES_ERROR;
				CLANG_WARN_DOCUMENTATION_COMMENTS = YES;
				CLANG_WARN_EMPTY_BODY = YES;
				CLANG_WARN_ENUM_CONVERSION = YES;
				CLANG_WARN_INFINITE_RECURSION = YES;
				CLANG_WARN_INT_CONVERSION = YES;
				CLANG_WARN_OBJC_ROOT_CLASS = YES_ERROR;
				CLANG_WARN_SUSPICIOUS_MOVES = YES;
				CLANG_WARN_UNREACHABLE_CODE = YES;
				CLANG_WARN__DUPLICATE_METHOD_MATCH = YES;
				"CODE_SIGN_IDENTITY[sdk=iphoneos*]" = "iPhone Developer";
				COPY_PHASE_STRIP = NO;
				DEBUG_INFORMATION_FORMAT = dwarf;
				ENABLE_STRICT_OBJC_MSGSEND = YES;
				ENABLE_TESTABILITY = YES;
				GCC_C_LANGUAGE_STANDARD = gnu99;
				GCC_DYNAMIC_NO_PIC = NO;
				GCC_NO_COMMON_BLOCKS = YES;
				GCC_OPTIMIZATION_LEVEL = 0;
				GCC_PREPROCESSOR_DEFINITIONS = (
					"DEBUG=1",
					"$(inherited)",
				);
				GCC_WARN_64_TO_32_BIT_CONVERSION = YES;
				GCC_WARN_ABOUT_RETURN_TYPE = YES_ERROR;
				GCC_WARN_UNDECLARED_SELECTOR = YES;
				GCC_WARN_UNINITIALIZED_AUTOS = YES_AGGRESSIVE;
				GCC_WARN_UNUSED_FUNCTION = YES;
				GCC_WARN_UNUSED_VARIABLE = YES;
				IPHONEOS_DEPLOYMENT_TARGET = 10.0;
				MTL_ENABLE_DEBUG_INFO = YES;
				ONLY_ACTIVE_ARCH = YES;
				SDKROOT = iphoneos;
				SWIFT_ACTIVE_COMPILATION_CONDITIONS = DEBUG;
				SWIFT_OPTIMIZATION_LEVEL = "-Onone";
			};
			name = Debug;
		};
		456E61411DAA900300FA0896 /* Release */ = {
			isa = XCBuildConfiguration;
			buildSettings = {
				ALWAYS_SEARCH_USER_PATHS = NO;
				CLANG_ANALYZER_NONNULL = YES;
				CLANG_CXX_LANGUAGE_STANDARD = "gnu++0x";
				CLANG_CXX_LIBRARY = "libc++";
				CLANG_ENABLE_MODULES = YES;
				CLANG_ENABLE_OBJC_ARC = YES;
				CLANG_WARN_BOOL_CONVERSION = YES;
				CLANG_WARN_CONSTANT_CONVERSION = YES;
				CLANG_WARN_DIRECT_OBJC_ISA_USAGE = YES_ERROR;
				CLANG_WARN_DOCUMENTATION_COMMENTS = YES;
				CLANG_WARN_EMPTY_BODY = YES;
				CLANG_WARN_ENUM_CONVERSION = YES;
				CLANG_WARN_INFINITE_RECURSION = YES;
				CLANG_WARN_INT_CONVERSION = YES;
				CLANG_WARN_OBJC_ROOT_CLASS = YES_ERROR;
				CLANG_WARN_SUSPICIOUS_MOVES = YES;
				CLANG_WARN_UNREACHABLE_CODE = YES;
				CLANG_WARN__DUPLICATE_METHOD_MATCH = YES;
				"CODE_SIGN_IDENTITY[sdk=iphoneos*]" = "iPhone Developer";
				COPY_PHASE_STRIP = NO;
				DEBUG_INFORMATION_FORMAT = "dwarf-with-dsym";
				ENABLE_NS_ASSERTIONS = NO;
				ENABLE_STRICT_OBJC_MSGSEND = YES;
				GCC_C_LANGUAGE_STANDARD = gnu99;
				GCC_NO_COMMON_BLOCKS = YES;
				GCC_WARN_64_TO_32_BIT_CONVERSION = YES;
				GCC_WARN_ABOUT_RETURN_TYPE = YES_ERROR;
				GCC_WARN_UNDECLARED_SELECTOR = YES;
				GCC_WARN_UNINITIALIZED_AUTOS = YES_AGGRESSIVE;
				GCC_WARN_UNUSED_FUNCTION = YES;
				GCC_WARN_UNUSED_VARIABLE = YES;
				IPHONEOS_DEPLOYMENT_TARGET = 10.0;
				MTL_ENABLE_DEBUG_INFO = NO;
				SDKROOT = iphoneos;
				SWIFT_OPTIMIZATION_LEVEL = "-Owholemodule";
				VALIDATE_PRODUCT = YES;
			};
			name = Release;
		};
		456E61431DAA900300FA0896 /* Debug */ = {
			isa = XCBuildConfiguration;
			buildSettings = {
				ASSETCATALOG_COMPILER_APPICON_NAME = AppIcon;
				DEVELOPMENT_TEAM = XJTJGEN6DH;
				INFOPLIST_FILE = WorldTrotter/Info.plist;
				LD_RUNPATH_SEARCH_PATHS = "$(inherited) @executable_path/Frameworks";
				PRODUCT_BUNDLE_IDENTIFIER = com.birchall.bnrios.WorldTrotter;
				PRODUCT_NAME = "$(TARGET_NAME)";
				SWIFT_VERSION = 3.0;
			};
			name = Debug;
		};
		456E61441DAA900300FA0896 /* Release */ = {
			isa = XCBuildConfiguration;
			buildSettings = {
				ASSETCATALOG_COMPILER_APPICON_NAME = AppIcon;
				DEVELOPMENT_TEAM = XJTJGEN6DH;
				INFOPLIST_FILE = WorldTrotter/Info.plist;
				LD_RUNPATH_SEARCH_PATHS = "$(inherited) @executable_path/Frameworks";
				PRODUCT_BUNDLE_IDENTIFIER = com.birchall.bnrios.WorldTrotter;
				PRODUCT_NAME = "$(TARGET_NAME)";
				SWIFT_VERSION = 3.0;
			};
			name = Release;
		};
/* End XCBuildConfiguration section */

/* Begin XCConfigurationList section */
		456E612B1DAA900300FA0896 /* Build configuration list for PBXProject "WorldTrotter" */ = {
			isa = XCConfigurationList;
			buildConfigurations = (
				456E61401DAA900300FA0896 /* Debug */,
				456E61411DAA900300FA0896 /* Release */,
			);
			defaultConfigurationIsVisible = 0;
			defaultConfigurationName = Release;
		};
		456E61421DAA900300FA0896 /* Build configuration list for PBXNativeTarget "WorldTrotter" */ = {
			isa = XCConfigurationList;
			buildConfigurations = (
				456E61431DAA900300FA0896 /* Debug */,
				456E61441DAA900300FA0896 /* Release */,
			);
			defaultConfigurationIsVisible = 0;
			defaultConfigurationName = Release;
		};
/* End XCConfigurationList section */
	};
	rootObject = 456E61281DAA900300FA0896 /* Project object */;
}
